// !$*UTF8*$!
{
	archiveVersion = 1;
	classes = {
	};
	objectVersion = 46;
	objects = {

/* Begin PBXBuildFile section */
		1DDD58160DA1D0A300B32029 /* MainMenu.xib in Resources */ = {isa = PBXBuildFile; fileRef = 1DDD58140DA1D0A300B32029 /* MainMenu.xib */; };
		8D11072B0486CEB800E47090 /* InfoPlist.strings in Resources */ = {isa = PBXBuildFile; fileRef = 089C165CFE840E0CC02AAC07 /* InfoPlist.strings */; };
		8D11072D0486CEB800E47090 /* main.m in Sources */ = {isa = PBXBuildFile; fileRef = 29B97316FDCFA39411CA2CEA /* main.m */; settings = {ATTRIBUTES = (); }; };
		8D11072F0486CEB800E47090 /* Cocoa.framework in Frameworks */ = {isa = PBXBuildFile; fileRef = 1058C7A1FEA54F0111CA2CBB /* Cocoa.framework */; };
		8F01531010BA502700CAF0D4 /* PuddingPDCA.framework in Copy Frameworks */ = {isa = PBXBuildFile; fileRef = 8F483D961098F45F00403F16 /* PuddingPDCA.framework */; };
		8F01531310BA503400CAF0D4 /* PuddingPDCA.framework in Frameworks */ = {isa = PBXBuildFile; fileRef = 8F483D961098F45F00403F16 /* PuddingPDCA.framework */; };
		8F2902711056013700CD7019 /* ErrorCode.h in Headers */ = {isa = PBXBuildFile; fileRef = 8F2902701056013700CD7019 /* ErrorCode.h */; settings = {ATTRIBUTES = (Public, ); }; };
		8F597E141054E98B00395435 /* InstantPudding_API.h in Headers */ = {isa = PBXBuildFile; fileRef = 8F597E131054E98B00395435 /* InstantPudding_API.h */; settings = {ATTRIBUTES = (Public, ); }; };
		8F597E1A1054E9F100395435 /* TPuddingPDCA.h in Headers */ = {isa = PBXBuildFile; fileRef = 8F597E181054E9F100395435 /* TPuddingPDCA.h */; settings = {ATTRIBUTES = (Public, ); }; };
		8F597E1B1054E9F100395435 /* TPuddingPDCA.m in Sources */ = {isa = PBXBuildFile; fileRef = 8F597E191054E9F100395435 /* TPuddingPDCA.m */; };
		8F597ECF1054EC1100395435 /* TestPudding.m in Sources */ = {isa = PBXBuildFile; fileRef = 8F597ECE1054EC1100395435 /* TestPudding.m */; };
		D94454F61476939900DDCAAE /* IPSFCPost.h in Headers */ = {isa = PBXBuildFile; fileRef = D94454F41476939900DDCAAE /* IPSFCPost.h */; settings = {ATTRIBUTES = (Public, ); }; };
		D94454F71476939900DDCAAE /* IPSFCPost.mm in Sources */ = {isa = PBXBuildFile; fileRef = D94454F51476939900DDCAAE /* IPSFCPost.mm */; };
		D960E46615584FAB000A9293 /* DoLoadingLF.h in Headers */ = {isa = PBXBuildFile; fileRef = D960E46415584FAB000A9293 /* DoLoadingLF.h */; settings = {ATTRIBUTES = (Public, ); }; };
		D960E46715584FAB000A9293 /* DoLoadingLF.m in Sources */ = {isa = PBXBuildFile; fileRef = D960E46515584FAB000A9293 /* DoLoadingLF.m */; };
/* End PBXBuildFile section */

/* Begin PBXCopyFilesBuildPhase section */
		8F597EA01054EA7E00395435 /* Copy Dynamic Frameworks */ = {
			isa = PBXCopyFilesBuildPhase;
			buildActionMask = 2147483647;
			dstPath = "";
			dstSubfolderSpec = 10;
			files = (
			);
			name = "Copy Dynamic Frameworks";
			runOnlyForDeploymentPostprocessing = 0;
		};
		8F597EF21054ED6300395435 /* Copy Frameworks */ = {
			isa = PBXCopyFilesBuildPhase;
			buildActionMask = 2147483647;
			dstPath = "";
			dstSubfolderSpec = 10;
			files = (
				8F01531010BA502700CAF0D4 /* PuddingPDCA.framework in Copy Frameworks */,
			);
			name = "Copy Frameworks";
			runOnlyForDeploymentPostprocessing = 0;
		};
/* End PBXCopyFilesBuildPhase section */

/* Begin PBXFileReference section */
		089C165DFE840E0CC02AAC07 /* English */ = {isa = PBXFileReference; fileEncoding = 10; lastKnownFileType = text.plist.strings; name = English; path = English.lproj/InfoPlist.strings; sourceTree = "<group>"; };
		1058C7A1FEA54F0111CA2CBB /* Cocoa.framework */ = {isa = PBXFileReference; lastKnownFileType = wrapper.framework; name = Cocoa.framework; path = /System/Library/Frameworks/Cocoa.framework; sourceTree = "<absolute>"; };
		13E42FB307B3F0F600E4EEF1 /* CoreData.framework */ = {isa = PBXFileReference; lastKnownFileType = wrapper.framework; name = CoreData.framework; path = /System/Library/Frameworks/CoreData.framework; sourceTree = "<absolute>"; };
		1DDD58150DA1D0A300B32029 /* English */ = {isa = PBXFileReference; lastKnownFileType = file.xib; name = English; path = English.lproj/MainMenu.xib; sourceTree = "<group>"; };
		29B97316FDCFA39411CA2CEA /* main.m */ = {isa = PBXFileReference; fileEncoding = 4; lastKnownFileType = sourcecode.c.objc; path = main.m; sourceTree = "<group>"; };
		29B97324FDCFA39411CA2CEA /* AppKit.framework */ = {isa = PBXFileReference; lastKnownFileType = wrapper.framework; name = AppKit.framework; path = /System/Library/Frameworks/AppKit.framework; sourceTree = "<absolute>"; };
		29B97325FDCFA39411CA2CEA /* Foundation.framework */ = {isa = PBXFileReference; lastKnownFileType = wrapper.framework; name = Foundation.framework; path = /System/Library/Frameworks/Foundation.framework; sourceTree = "<absolute>"; };
		32CA4F630368D1EE00C91783 /* TestPudding_Prefix.pch */ = {isa = PBXFileReference; fileEncoding = 4; lastKnownFileType = sourcecode.c.h; path = TestPudding_Prefix.pch; sourceTree = "<group>"; };
		8D1107310486CEB800E47090 /* Info.plist */ = {isa = PBXFileReference; fileEncoding = 4; lastKnownFileType = text.plist.xml; path = Info.plist; sourceTree = "<group>"; };
		8D1107320486CEB800E47090 /* TestPudding.app */ = {isa = PBXFileReference; explicitFileType = wrapper.application; includeInIndex = 0; path = TestPudding.app; sourceTree = BUILT_PRODUCTS_DIR; };
		8F2902701056013700CD7019 /* ErrorCode.h */ = {isa = PBXFileReference; fileEncoding = 4; lastKnownFileType = sourcecode.c.h; path = ErrorCode.h; sourceTree = "<group>"; };
		8F483D961098F45F00403F16 /* PuddingPDCA.framework */ = {isa = PBXFileReference; lastKnownFileType = wrapper.framework; name = PuddingPDCA.framework; path = /Frameworks/PuddingPDCA.framework; sourceTree = "<absolute>"; };
		8F483EFF1099130B00403F16 /* PuddingPDCA.framework */ = {isa = PBXFileReference; explicitFileType = wrapper.framework; includeInIndex = 0; path = PuddingPDCA.framework; sourceTree = BUILT_PRODUCTS_DIR; };
		8F597E0A1054E91700395435 /* PuddingPDCA-Info.plist */ = {isa = PBXFileReference; lastKnownFileType = text.plist.xml; path = "PuddingPDCA-Info.plist"; sourceTree = "<group>"; };
		8F597E131054E98B00395435 /* InstantPudding_API.h */ = {isa = PBXFileReference; fileEncoding = 4; lastKnownFileType = sourcecode.c.h; path = InstantPudding_API.h; sourceTree = "<group>"; };
		8F597E181054E9F100395435 /* TPuddingPDCA.h */ = {isa = PBXFileReference; fileEncoding = 4; lastKnownFileType = sourcecode.c.h; path = TPuddingPDCA.h; sourceTree = "<group>"; };
		8F597E191054E9F100395435 /* TPuddingPDCA.m */ = {isa = PBXFileReference; fileEncoding = 4; lastKnownFileType = sourcecode.c.objc; path = TPuddingPDCA.m; sourceTree = "<group>"; };
		8F597ECD1054EC1100395435 /* TestPudding.h */ = {isa = PBXFileReference; fileEncoding = 4; lastKnownFileType = sourcecode.c.h; path = TestPudding.h; sourceTree = "<group>"; };
		8F597ECE1054EC1100395435 /* TestPudding.m */ = {isa = PBXFileReference; fileEncoding = 4; lastKnownFileType = sourcecode.c.objc; path = TestPudding.m; sourceTree = "<group>"; };
		D94454F41476939900DDCAAE /* IPSFCPost.h */ = {isa = PBXFileReference; fileEncoding = 4; lastKnownFileType = sourcecode.c.h; path = IPSFCPost.h; sourceTree = "<group>"; };
		D94454F51476939900DDCAAE /* IPSFCPost.mm */ = {isa = PBXFileReference; fileEncoding = 4; lastKnownFileType = sourcecode.cpp.objcpp; path = IPSFCPost.mm; sourceTree = "<group>"; };
		D960E46415584FAB000A9293 /* DoLoadingLF.h */ = {isa = PBXFileReference; fileEncoding = 4; lastKnownFileType = sourcecode.c.h; path = DoLoadingLF.h; sourceTree = "<group>"; };
		D960E46515584FAB000A9293 /* DoLoadingLF.m */ = {isa = PBXFileReference; fileEncoding = 4; lastKnownFileType = sourcecode.c.objc; path = DoLoadingLF.m; sourceTree = "<group>"; };
/* End PBXFileReference section */

/* Begin PBXFrameworksBuildPhase section */
		8D11072E0486CEB800E47090 /* Frameworks */ = {
			isa = PBXFrameworksBuildPhase;
			buildActionMask = 2147483647;
			files = (
				8F01531310BA503400CAF0D4 /* PuddingPDCA.framework in Frameworks */,
				8D11072F0486CEB800E47090 /* Cocoa.framework in Frameworks */,
			);
			runOnlyForDeploymentPostprocessing = 0;
		};
		8F597E071054E91700395435 /* Frameworks */ = {
			isa = PBXFrameworksBuildPhase;
			buildActionMask = 2147483647;
			files = (
			);
			runOnlyForDeploymentPostprocessing = 0;
		};
/* End PBXFrameworksBuildPhase section */

/* Begin PBXGroup section */
		080E96DDFE201D6D7F000001 /* Classes */ = {
			isa = PBXGroup;
			children = (
				8F597ECD1054EC1100395435 /* TestPudding.h */,
				8F597ECE1054EC1100395435 /* TestPudding.m */,
			);
			name = Classes;
			sourceTree = "<group>";
		};
		1058C7A0FEA54F0111CA2CBB /* Linked Frameworks */ = {
			isa = PBXGroup;
			children = (
				1058C7A1FEA54F0111CA2CBB /* Cocoa.framework */,
			);
			name = "Linked Frameworks";
			sourceTree = "<group>";
		};
		1058C7A2FEA54F0111CA2CBB /* Other Frameworks */ = {
			isa = PBXGroup;
			children = (
				8F483D961098F45F00403F16 /* PuddingPDCA.framework */,
				29B97324FDCFA39411CA2CEA /* AppKit.framework */,
				13E42FB307B3F0F600E4EEF1 /* CoreData.framework */,
				29B97325FDCFA39411CA2CEA /* Foundation.framework */,
			);
			name = "Other Frameworks";
			sourceTree = "<group>";
		};
		19C28FACFE9D520D11CA2CBB /* Products */ = {
			isa = PBXGroup;
			children = (
				8D1107320486CEB800E47090 /* TestPudding.app */,
				8F483EFF1099130B00403F16 /* PuddingPDCA.framework */,
			);
			name = Products;
			sourceTree = "<group>";
		};
		29B97314FDCFA39411CA2CEA /* TestPudding */ = {
			isa = PBXGroup;
			children = (
				D960E46215584F5E000A9293 /* Load_Lib_Func */,
				D94454F21476935E00DDCAAE /* IPSFCPost */,
				8F597E101054E95B00395435 /* Pudding */,
				080E96DDFE201D6D7F000001 /* Classes */,
				29B97315FDCFA39411CA2CEA /* Other Sources */,
				29B97317FDCFA39411CA2CEA /* Resources */,
				29B97323FDCFA39411CA2CEA /* Frameworks */,
				19C28FACFE9D520D11CA2CBB /* Products */,
				8F597E0A1054E91700395435 /* PuddingPDCA-Info.plist */,
			);
			name = TestPudding;
			sourceTree = "<group>";
		};
		29B97315FDCFA39411CA2CEA /* Other Sources */ = {
			isa = PBXGroup;
			children = (
				32CA4F630368D1EE00C91783 /* TestPudding_Prefix.pch */,
				29B97316FDCFA39411CA2CEA /* main.m */,
			);
			name = "Other Sources";
			sourceTree = "<group>";
		};
		29B97317FDCFA39411CA2CEA /* Resources */ = {
			isa = PBXGroup;
			children = (
				8D1107310486CEB800E47090 /* Info.plist */,
				089C165CFE840E0CC02AAC07 /* InfoPlist.strings */,
				1DDD58140DA1D0A300B32029 /* MainMenu.xib */,
			);
			name = Resources;
			sourceTree = "<group>";
		};
		29B97323FDCFA39411CA2CEA /* Frameworks */ = {
			isa = PBXGroup;
			children = (
				1058C7A0FEA54F0111CA2CBB /* Linked Frameworks */,
				1058C7A2FEA54F0111CA2CBB /* Other Frameworks */,
			);
			name = Frameworks;
			sourceTree = "<group>";
		};
		8F597E101054E95B00395435 /* Pudding */ = {
			isa = PBXGroup;
			children = (
				8F597E181054E9F100395435 /* TPuddingPDCA.h */,
				8F597E191054E9F100395435 /* TPuddingPDCA.m */,
				8F2902701056013700CD7019 /* ErrorCode.h */,
			);
			name = Pudding;
			sourceTree = "<group>";
		};
		D94454F21476935E00DDCAAE /* IPSFCPost */ = {
			isa = PBXGroup;
			children = (
				D94454F41476939900DDCAAE /* IPSFCPost.h */,
				D94454F51476939900DDCAAE /* IPSFCPost.mm */,
			);
			name = IPSFCPost;
			sourceTree = "<group>";
		};
		D960E46215584F5E000A9293 /* Load_Lib_Func */ = {
			isa = PBXGroup;
			children = (
				8F597E131054E98B00395435 /* InstantPudding_API.h */,
				D960E46415584FAB000A9293 /* DoLoadingLF.h */,
				D960E46515584FAB000A9293 /* DoLoadingLF.m */,
			);
			name = Load_Lib_Func;
			sourceTree = "<group>";
		};
/* End PBXGroup section */

/* Begin PBXHeadersBuildPhase section */
		8F597E041054E91700395435 /* Headers */ = {
			isa = PBXHeadersBuildPhase;
			buildActionMask = 2147483647;
			files = (
				D960E46615584FAB000A9293 /* DoLoadingLF.h in Headers */,
				8F597E141054E98B00395435 /* InstantPudding_API.h in Headers */,
				8F597E1A1054E9F100395435 /* TPuddingPDCA.h in Headers */,
				D94454F61476939900DDCAAE /* IPSFCPost.h in Headers */,
				8F2902711056013700CD7019 /* ErrorCode.h in Headers */,
			);
			runOnlyForDeploymentPostprocessing = 0;
		};
/* End PBXHeadersBuildPhase section */

/* Begin PBXNativeTarget section */
		8D1107260486CEB800E47090 /* TestPudding */ = {
			isa = PBXNativeTarget;
			buildConfigurationList = C01FCF4A08A954540054247B /* Build configuration list for PBXNativeTarget "TestPudding" */;
			buildPhases = (
				8D1107290486CEB800E47090 /* Resources */,
				8D11072C0486CEB800E47090 /* Sources */,
				8D11072E0486CEB800E47090 /* Frameworks */,
				8F597EF21054ED6300395435 /* Copy Frameworks */,
			);
			buildRules = (
			);
			dependencies = (
			);
			name = TestPudding;
			productInstallPath = "$(HOME)/Applications";
			productName = TestPudding;
			productReference = 8D1107320486CEB800E47090 /* TestPudding.app */;
			productType = "com.apple.product-type.application";
		};
		8F597E081054E91700395435 /* PuddingPDCA */ = {
			isa = PBXNativeTarget;
			buildConfigurationList = 8F597E0E1054E91800395435 /* Build configuration list for PBXNativeTarget "PuddingPDCA" */;
			buildPhases = (
				8F597E041054E91700395435 /* Headers */,
				8F597E051054E91700395435 /* Resources */,
				8F597E061054E91700395435 /* Sources */,
				8F597E071054E91700395435 /* Frameworks */,
				8F597EA01054EA7E00395435 /* Copy Dynamic Frameworks */,
			);
			buildRules = (
			);
			dependencies = (
			);
			name = PuddingPDCA;
			productName = PuddingPDCA;
			productReference = 8F483EFF1099130B00403F16 /* PuddingPDCA.framework */;
			productType = "com.apple.product-type.framework";
		};
/* End PBXNativeTarget section */

/* Begin PBXProject section */
		29B97313FDCFA39411CA2CEA /* Project object */ = {
			isa = PBXProject;
			attributes = {
				LastUpgradeCheck = 0460;
			};
			buildConfigurationList = C01FCF4E08A954540054247B /* Build configuration list for PBXProject "TestPudding" */;
			compatibilityVersion = "Xcode 3.2";
			developmentRegion = English;
			hasScannedForEncodings = 1;
			knownRegions = (
				en,
			);
			mainGroup = 29B97314FDCFA39411CA2CEA /* TestPudding */;
			projectDirPath = "";
			projectRoot = "";
			targets = (
				8D1107260486CEB800E47090 /* TestPudding */,
				8F597E081054E91700395435 /* PuddingPDCA */,
			);
		};
/* End PBXProject section */

/* Begin PBXResourcesBuildPhase section */
		8D1107290486CEB800E47090 /* Resources */ = {
			isa = PBXResourcesBuildPhase;
			buildActionMask = 2147483647;
			files = (
				8D11072B0486CEB800E47090 /* InfoPlist.strings in Resources */,
				1DDD58160DA1D0A300B32029 /* MainMenu.xib in Resources */,
			);
			runOnlyForDeploymentPostprocessing = 0;
		};
		8F597E051054E91700395435 /* Resources */ = {
			isa = PBXResourcesBuildPhase;
			buildActionMask = 2147483647;
			files = (
			);
			runOnlyForDeploymentPostprocessing = 0;
		};
/* End PBXResourcesBuildPhase section */

/* Begin PBXSourcesBuildPhase section */
		8D11072C0486CEB800E47090 /* Sources */ = {
			isa = PBXSourcesBuildPhase;
			buildActionMask = 2147483647;
			files = (
				8D11072D0486CEB800E47090 /* main.m in Sources */,
				8F597ECF1054EC1100395435 /* TestPudding.m in Sources */,
			);
			runOnlyForDeploymentPostprocessing = 0;
		};
		8F597E061054E91700395435 /* Sources */ = {
			isa = PBXSourcesBuildPhase;
			buildActionMask = 2147483647;
			files = (
				8F597E1B1054E9F100395435 /* TPuddingPDCA.m in Sources */,
				D94454F71476939900DDCAAE /* IPSFCPost.mm in Sources */,
				D960E46715584FAB000A9293 /* DoLoadingLF.m in Sources */,
			);
			runOnlyForDeploymentPostprocessing = 0;
		};
/* End PBXSourcesBuildPhase section */

/* Begin PBXVariantGroup section */
		089C165CFE840E0CC02AAC07 /* InfoPlist.strings */ = {
			isa = PBXVariantGroup;
			children = (
				089C165DFE840E0CC02AAC07 /* English */,
			);
			name = InfoPlist.strings;
			sourceTree = "<group>";
		};
		1DDD58140DA1D0A300B32029 /* MainMenu.xib */ = {
			isa = PBXVariantGroup;
			children = (
				1DDD58150DA1D0A300B32029 /* English */,
			);
			name = MainMenu.xib;
			sourceTree = "<group>";
		};
/* End PBXVariantGroup section */

/* Begin XCBuildConfiguration section */
		8F597E0C1054E91800395435 /* Debug */ = {
			isa = XCBuildConfiguration;
			buildSettings = {
				ALWAYS_SEARCH_USER_PATHS = NO;
				COMBINE_HIDPI_IMAGES = YES;
				CONFIGURATION_BUILD_DIR = /Frameworks/;
				COPY_PHASE_STRIP = NO;
				DYLIB_COMPATIBILITY_VERSION = 1;
				DYLIB_CURRENT_VERSION = 1;
				FRAMEWORK_VERSION = A;
				GCC_DYNAMIC_NO_PIC = NO;
				GCC_MODEL_TUNING = G5;
				GCC_OPTIMIZATION_LEVEL = 0;
				GCC_PRECOMPILE_PREFIX_HEADER = YES;
				GCC_PREFIX_HEADER = "$(SYSTEM_LIBRARY_DIR)/Frameworks/AppKit.framework/Headers/AppKit.h";
				GCC_VERSION = com.apple.compilers.llvm.clang.1_0;
				INFOPLIST_FILE = "PuddingPDCA-Info.plist";
				INSTALL_PATH = "@executable_path/../Frameworks";
				OTHER_LDFLAGS = (
					"-framework",
					Foundation,
					"-framework",
					AppKit,
				);
				PRODUCT_NAME = PuddingPDCA;
				SDKROOT = macosx;
			};
			name = Debug;
		};
		8F597E0D1054E91800395435 /* Release */ = {
			isa = XCBuildConfiguration;
			buildSettings = {
				ALWAYS_SEARCH_USER_PATHS = NO;
				COMBINE_HIDPI_IMAGES = YES;
				CONFIGURATION_BUILD_DIR = /Frameworks/;
				COPY_PHASE_STRIP = YES;
				DEBUG_INFORMATION_FORMAT = "dwarf-with-dsym";
				DYLIB_COMPATIBILITY_VERSION = 1;
				DYLIB_CURRENT_VERSION = 1;
				FRAMEWORK_VERSION = A;
				GCC_MODEL_TUNING = G5;
				GCC_PRECOMPILE_PREFIX_HEADER = YES;
				GCC_PREFIX_HEADER = "$(SYSTEM_LIBRARY_DIR)/Frameworks/AppKit.framework/Headers/AppKit.h";
				GCC_VERSION = com.apple.compilers.llvm.clang.1_0;
				INFOPLIST_FILE = "PuddingPDCA-Info.plist";
				INSTALL_PATH = "@executable_path/../Frameworks";
				OTHER_LDFLAGS = (
					"-framework",
					Foundation,
					"-framework",
					AppKit,
				);
				PRODUCT_NAME = PuddingPDCA;
				SDKROOT = macosx;
				ZERO_LINK = NO;
			};
			name = Release;
		};
		C01FCF4B08A954540054247B /* Debug */ = {
			isa = XCBuildConfiguration;
			buildSettings = {
				ALWAYS_SEARCH_USER_PATHS = NO;
				COMBINE_HIDPI_IMAGES = YES;
				COPY_PHASE_STRIP = NO;
				FRAMEWORK_SEARCH_PATHS = (
					"$(inherited)",
					/Frameworks,
				);
				GCC_DYNAMIC_NO_PIC = NO;
				GCC_MODEL_TUNING = G5;
				GCC_OPTIMIZATION_LEVEL = 0;
				GCC_PRECOMPILE_PREFIX_HEADER = YES;
				GCC_PREFIX_HEADER = TestPudding_Prefix.pch;
				GCC_VERSION = com.apple.compilers.llvm.clang.1_0;
				INFOPLIST_FILE = Info.plist;
				INSTALL_PATH = "$(HOME)/Applications";
				PRODUCT_NAME = TestPudding;
				SDKROOT = macosx;
			};
			name = Debug;
		};
		C01FCF4C08A954540054247B /* Release */ = {
			isa = XCBuildConfiguration;
			buildSettings = {
				ALWAYS_SEARCH_USER_PATHS = NO;
				COMBINE_HIDPI_IMAGES = YES;
				DEBUG_INFORMATION_FORMAT = "dwarf-with-dsym";
				FRAMEWORK_SEARCH_PATHS = (
					"$(inherited)",
					/Frameworks,
				);
				GCC_MODEL_TUNING = G5;
				GCC_PRECOMPILE_PREFIX_HEADER = YES;
				GCC_PREFIX_HEADER = TestPudding_Prefix.pch;
				GCC_VERSION = com.apple.compilers.llvm.clang.1_0;
				INFOPLIST_FILE = Info.plist;
				INSTALL_PATH = "$(HOME)/Applications";
				PRODUCT_NAME = TestPudding;
				SDKROOT = macosx;
			};
			name = Release;
		};
		C01FCF4F08A954540054247B /* Debug */ = {
			isa = XCBuildConfiguration;
			buildSettings = {
				ARCHS = "$(ARCHS_STANDARD_32_BIT)";
				GCC_C_LANGUAGE_STANDARD = c99;
				GCC_OPTIMIZATION_LEVEL = 0;
				GCC_VERSION = com.apple.compilers.llvmgcc42;
				GCC_WARN_ABOUT_RETURN_TYPE = YES;
				GCC_WARN_UNUSED_VARIABLE = YES;
				ONLY_ACTIVE_ARCH = YES;
				SDKROOT = macosx;
			};
			name = Debug;
		};
		C01FCF5008A954540054247B /* Release */ = {
			isa = XCBuildConfiguration;
			buildSettings = {
				ARCHS = "$(ARCHS_STANDARD_32_BIT)";
				GCC_C_LANGUAGE_STANDARD = c99;
				GCC_VERSION = com.apple.compilers.llvmgcc42;
				GCC_WARN_ABOUT_RETURN_TYPE = YES;
				GCC_WARN_UNUSED_VARIABLE = YES;
				SDKROOT = macosx;
			};
			name = Release;
		};
/* End XCBuildConfiguration section */

/* Begin XCConfigurationList section */
		8F597E0E1054E91800395435 /* Build configuration list for PBXNativeTarget "PuddingPDCA" */ = {
			isa = XCConfigurationList;
			buildConfigurations = (
				8F597E0C1054E91800395435 /* Debug */,
				8F597E0D1054E91800395435 /* Release */,
			);
			defaultConfigurationIsVisible = 0;
			defaultConfigurationName = Release;
		};
		C01FCF4A08A954540054247B /* Build configuration list for PBXNativeTarget "TestPudding" */ = {
			isa = XCConfigurationList;
			buildConfigurations = (
				C01FCF4B08A954540054247B /* Debug */,
				C01FCF4C08A954540054247B /* Release */,
			);
			defaultConfigurationIsVisible = 0;
			defaultConfigurationName = Release;
		};
		C01FCF4E08A954540054247B /* Build configuration list for PBXProject "TestPudding" */ = {
			isa = XCConfigurationList;
			buildConfigurations = (
				C01FCF4F08A954540054247B /* Debug */,
				C01FCF5008A954540054247B /* Release */,
			);
			defaultConfigurationIsVisible = 0;
			defaultConfigurationName = Release;
		};
/* End XCConfigurationList section */
	};
	rootObject = 29B97313FDCFA39411CA2CEA /* Project object */;
}
