// !$*UTF8*$!
{
	archiveVersion = 1;
	classes = {
	};
	objectVersion = 46;
	objects = {

/* Begin PBXBuildFile section */
		2A14E92E1A0B23E20029D128 /* AppDelegate.m in Sources */ = {isa = PBXBuildFile; fileRef = 2A14E92D1A0B23E20029D128 /* AppDelegate.m */; };
		2A14E9301A0B23E20029D128 /* main.m in Sources */ = {isa = PBXBuildFile; fileRef = 2A14E92F1A0B23E20029D128 /* main.m */; };
		2A14E9321A0B23E20029D128 /* Images.xcassets in Resources */ = {isa = PBXBuildFile; fileRef = 2A14E9311A0B23E20029D128 /* Images.xcassets */; };
		2A14E9351A0B23E20029D128 /* MainMenu.xib in Resources */ = {isa = PBXBuildFile; fileRef = 2A14E9331A0B23E20029D128 /* MainMenu.xib */; };
		2A14E9411A0B23E20029D128 /* FScriptsTests.m in Sources */ = {isa = PBXBuildFile; fileRef = 2A14E9401A0B23E20029D128 /* FScriptsTests.m */; };
/* End PBXBuildFile section */

/* Begin PBXContainerItemProxy section */
		2A14E93B1A0B23E20029D128 /* PBXContainerItemProxy */ = {
			isa = PBXContainerItemProxy;
			containerPortal = 2A14E91F1A0B23E20029D128 /* Project object */;
			proxyType = 1;
			remoteGlobalIDString = 2A14E9261A0B23E20029D128;
			remoteInfo = FScripts;
		};
/* End PBXContainerItemProxy section */

/* Begin PBXFileReference section */
		2A14E9271A0B23E20029D128 /* FScripts.app */ = {isa = PBXFileReference; explicitFileType = wrapper.application; includeInIndex = 0; path = FScripts.app; sourceTree = BUILT_PRODUCTS_DIR; };
		2A14E92B1A0B23E20029D128 /* Info.plist */ = {isa = PBXFileReference; lastKnownFileType = text.plist.xml; path = Info.plist; sourceTree = "<group>"; };
		2A14E92C1A0B23E20029D128 /* AppDelegate.h */ = {isa = PBXFileReference; lastKnownFileType = sourcecode.c.h; path = AppDelegate.h; sourceTree = "<group>"; };
		2A14E92D1A0B23E20029D128 /* AppDelegate.m */ = {isa = PBXFileReference; lastKnownFileType = sourcecode.c.objc; path = AppDelegate.m; sourceTree = "<group>"; };
		2A14E92F1A0B23E20029D128 /* main.m */ = {isa = PBXFileReference; lastKnownFileType = sourcecode.c.objc; path = main.m; sourceTree = "<group>"; };
		2A14E9311A0B23E20029D128 /* Images.xcassets */ = {isa = PBXFileReference; lastKnownFileType = folder.assetcatalog; path = Images.xcassets; sourceTree = "<group>"; };
		2A14E9341A0B23E20029D128 /* Base */ = {isa = PBXFileReference; lastKnownFileType = file.xib; name = Base; path = Base.lproj/MainMenu.xib; sourceTree = "<group>"; };
		2A14E93A1A0B23E20029D128 /* FScriptsTests.xctest */ = {isa = PBXFileReference; explicitFileType = wrapper.cfbundle; includeInIndex = 0; path = FScriptsTests.xctest; sourceTree = BUILT_PRODUCTS_DIR; };
		2A14E93F1A0B23E20029D128 /* Info.plist */ = {isa = PBXFileReference; lastKnownFileType = text.plist.xml; path = Info.plist; sourceTree = "<group>"; };
		2A14E9401A0B23E20029D128 /* FScriptsTests.m */ = {isa = PBXFileReference; lastKnownFileType = sourcecode.c.objc; path = FScriptsTests.m; sourceTree = "<group>"; };
/* End PBXFileReference section */

/* Begin PBXFrameworksBuildPhase section */
		2A14E9241A0B23E20029D128 /* Frameworks */ = {
			isa = PBXFrameworksBuildPhase;
			buildActionMask = 2147483647;
			files = (
			);
			runOnlyForDeploymentPostprocessing = 0;
		};
		2A14E9371A0B23E20029D128 /* Frameworks */ = {
			isa = PBXFrameworksBuildPhase;
			buildActionMask = 2147483647;
			files = (
			);
			runOnlyForDeploymentPostprocessing = 0;
		};
/* End PBXFrameworksBuildPhase section */

/* Begin PBXGroup section */
		2A14E91E1A0B23E20029D128 = {
			isa = PBXGroup;
			children = (
				2A14E9291A0B23E20029D128 /* FScripts */,
				2A14E93D1A0B23E20029D128 /* FScriptsTests */,
				2A14E9281A0B23E20029D128 /* Products */,
			);
			sourceTree = "<group>";
		};
		2A14E9281A0B23E20029D128 /* Products */ = {
			isa = PBXGroup;
			children = (
				2A14E9271A0B23E20029D128 /* FScripts.app */,
				2A14E93A1A0B23E20029D128 /* FScriptsTests.xctest */,
			);
			name = Products;
			sourceTree = "<group>";
		};
		2A14E9291A0B23E20029D128 /* FScripts */ = {
			isa = PBXGroup;
			children = (
				2A14E92C1A0B23E20029D128 /* AppDelegate.h */,
				2A14E92D1A0B23E20029D128 /* AppDelegate.m */,
				2A14E9311A0B23E20029D128 /* Images.xcassets */,
				2A14E9331A0B23E20029D128 /* MainMenu.xib */,
				2A14E92A1A0B23E20029D128 /* Supporting Files */,
			);
			path = FScripts;
			sourceTree = "<group>";
		};
		2A14E92A1A0B23E20029D128 /* Supporting Files */ = {
			isa = PBXGroup;
			children = (
				2A14E92B1A0B23E20029D128 /* Info.plist */,
				2A14E92F1A0B23E20029D128 /* main.m */,
			);
			name = "Supporting Files";
			sourceTree = "<group>";
		};
		2A14E93D1A0B23E20029D128 /* FScriptsTests */ = {
			isa = PBXGroup;
			children = (
				2A14E9401A0B23E20029D128 /* FScriptsTests.m */,
				2A14E93E1A0B23E20029D128 /* Supporting Files */,
			);
			path = FScriptsTests;
			sourceTree = "<group>";
		};
		2A14E93E1A0B23E20029D128 /* Supporting Files */ = {
			isa = PBXGroup;
			children = (
				2A14E93F1A0B23E20029D128 /* Info.plist */,
			);
			name = "Supporting Files";
			sourceTree = "<group>";
		};
/* End PBXGroup section */

/* Begin PBXNativeTarget section */
		2A14E9261A0B23E20029D128 /* FScripts */ = {
			isa = PBXNativeTarget;
			buildConfigurationList = 2A14E9441A0B23E20029D128 /* Build configuration list for PBXNativeTarget "FScripts" */;
			buildPhases = (
				2A14E9231A0B23E20029D128 /* Sources */,
				2A14E9241A0B23E20029D128 /* Frameworks */,
				2A14E9251A0B23E20029D128 /* Resources */,
			);
			buildRules = (
			);
			dependencies = (
			);
			name = FScripts;
			productName = FScripts;
			productReference = 2A14E9271A0B23E20029D128 /* FScripts.app */;
			productType = "com.apple.product-type.application";
		};
		2A14E9391A0B23E20029D128 /* FScriptsTests */ = {
			isa = PBXNativeTarget;
			buildConfigurationList = 2A14E9471A0B23E20029D128 /* Build configuration list for PBXNativeTarget "FScriptsTests" */;
			buildPhases = (
				2A14E9361A0B23E20029D128 /* Sources */,
				2A14E9371A0B23E20029D128 /* Frameworks */,
				2A14E9381A0B23E20029D128 /* Resources */,
			);
			buildRules = (
			);
			dependencies = (
				2A14E93C1A0B23E20029D128 /* PBXTargetDependency */,
			);
			name = FScriptsTests;
			productName = FScriptsTests;
			productReference = 2A14E93A1A0B23E20029D128 /* FScriptsTests.xctest */;
			productType = "com.apple.product-type.bundle.unit-test";
		};
/* End PBXNativeTarget section */

/* Begin PBXProject section */
		2A14E91F1A0B23E20029D128 /* Project object */ = {
			isa = PBXProject;
			attributes = {
				LastUpgradeCheck = 0610;
				ORGANIZATIONNAME = chenchao;
				TargetAttributes = {
					2A14E9261A0B23E20029D128 = {
						CreatedOnToolsVersion = 6.1;
					};
					2A14E9391A0B23E20029D128 = {
						CreatedOnToolsVersion = 6.1;
						TestTargetID = 2A14E9261A0B23E20029D128;
					};
				};
			};
			buildConfigurationList = 2A14E9221A0B23E20029D128 /* Build configuration list for PBXProject "FScripts" */;
			compatibilityVersion = "Xcode 3.2";
			developmentRegion = English;
			hasScannedForEncodings = 0;
			knownRegions = (
				en,
				Base,
			);
			mainGroup = 2A14E91E1A0B23E20029D128;
			productRefGroup = 2A14E9281A0B23E20029D128 /* Products */;
			projectDirPath = "";
			projectRoot = "";
			targets = (
				2A14E9261A0B23E20029D128 /* FScripts */,
				2A14E9391A0B23E20029D128 /* FScriptsTests */,
			);
		};
/* End PBXProject section */

/* Begin PBXResourcesBuildPhase section */
		2A14E9251A0B23E20029D128 /* Resources */ = {
			isa = PBXResourcesBuildPhase;
			buildActionMask = 2147483647;
			files = (
				2A14E9321A0B23E20029D128 /* Images.xcassets in Resources */,
				2A14E9351A0B23E20029D128 /* MainMenu.xib in Resources */,
			);
			runOnlyForDeploymentPostprocessing = 0;
		};
		2A14E9381A0B23E20029D128 /* Resources */ = {
			isa = PBXResourcesBuildPhase;
			buildActionMask = 2147483647;
			files = (
			);
			runOnlyForDeploymentPostprocessing = 0;
		};
/* End PBXResourcesBuildPhase section */

/* Begin PBXSourcesBuildPhase section */
		2A14E9231A0B23E20029D128 /* Sources */ = {
			isa = PBXSourcesBuildPhase;
			buildActionMask = 2147483647;
			files = (
				2A14E9301A0B23E20029D128 /* main.m in Sources */,
				2A14E92E1A0B23E20029D128 /* AppDelegate.m in Sources */,
			);
			runOnlyForDeploymentPostprocessing = 0;
		};
		2A14E9361A0B23E20029D128 /* Sources */ = {
			isa = PBXSourcesBuildPhase;
			buildActionMask = 2147483647;
			files = (
				2A14E9411A0B23E20029D128 /* FScriptsTests.m in Sources */,
			);
			runOnlyForDeploymentPostprocessing = 0;
		};
/* End PBXSourcesBuildPhase section */

/* Begin PBXTargetDependency section */
		2A14E93C1A0B23E20029D128 /* PBXTargetDependency */ = {
			isa = PBXTargetDependency;
			target = 2A14E9261A0B23E20029D128 /* FScripts */;
			targetProxy = 2A14E93B1A0B23E20029D128 /* PBXContainerItemProxy */;
		};
/* End PBXTargetDependency section */

/* Begin PBXVariantGroup section */
		2A14E9331A0B23E20029D128 /* MainMenu.xib */ = {
			isa = PBXVariantGroup;
			children = (
				2A14E9341A0B23E20029D128 /* Base */,
			);
			name = MainMenu.xib;
			sourceTree = "<group>";
		};
/* End PBXVariantGroup section */

/* Begin XCBuildConfiguration section */
		2A14E9421A0B23E20029D128 /* Debug */ = {
			isa = XCBuildConfiguration;
			buildSettings = {
				ALWAYS_SEARCH_USER_PATHS = NO;
				CLANG_CXX_LANGUAGE_STANDARD = "gnu++0x";
				CLANG_CXX_LIBRARY = "libc++";
				CLANG_ENABLE_MODULES = YES;
				CLANG_ENABLE_OBJC_ARC = YES;
				CLANG_WARN_BOOL_CONVERSION = YES;
				CLANG_WARN_CONSTANT_CONVERSION = YES;
				CLANG_WARN_DIRECT_OBJC_ISA_USAGE = YES_ERROR;
				CLANG_WARN_EMPTY_BODY = YES;
				CLANG_WARN_ENUM_CONVERSION = YES;
				CLANG_WARN_INT_CONVERSION = YES;
				CLANG_WARN_OBJC_ROOT_CLASS = YES_ERROR;
				CLANG_WARN_UNREACHABLE_CODE = YES;
				CLANG_WARN__DUPLICATE_METHOD_MATCH = YES;
				CODE_SIGN_IDENTITY = "-";
				COPY_PHASE_STRIP = NO;
				ENABLE_STRICT_OBJC_MSGSEND = YES;
				GCC_C_LANGUAGE_STANDARD = gnu99;
				GCC_DYNAMIC_NO_PIC = NO;
				GCC_OPTIMIZATION_LEVEL = 0;
				GCC_PREPROCESSOR_DEFINITIONS = (
					"DEBUG=1",
					"$(inherited)",
				);
				GCC_SYMBOLS_PRIVATE_EXTERN = NO;
				GCC_WARN_64_TO_32_BIT_CONVERSION = YES;
				GCC_WARN_ABOUT_RETURN_TYPE = YES_ERROR;
				GCC_WARN_UNDECLARED_SELECTOR = YES;
				GCC_WARN_UNINITIALIZED_AUTOS = YES_AGGRESSIVE;
				GCC_WARN_UNUSED_FUNCTION = YES;
				GCC_WARN_UNUSED_VARIABLE = YES;
				MACOSX_DEPLOYMENT_TARGET = 10.9;
				MTL_ENABLE_DEBUG_INFO = YES;
				ONLY_ACTIVE_ARCH = YES;
				SDKROOT = macosx10.10;
			};
			name = Debug;
		};
		2A14E9431A0B23E20029D128 /* Release */ = {
			isa = XCBuildConfiguration;
			buildSettings = {
				ALWAYS_SEARCH_USER_PATHS = NO;
				CLANG_CXX_LANGUAGE_STANDARD = "gnu++0x";
				CLANG_CXX_LIBRARY = "libc++";
				CLANG_ENABLE_MODULES = YES;
				CLANG_ENABLE_OBJC_ARC = YES;
				CLANG_WARN_BOOL_CONVERSION = YES;
				CLANG_WARN_CONSTANT_CONVERSION = YES;
				CLANG_WARN_DIRECT_OBJC_ISA_USAGE = YES_ERROR;
				CLANG_WARN_EMPTY_BODY = YES;
				CLANG_WARN_ENUM_CONVERSION = YES;
				CLANG_WARN_INT_CONVERSION = YES;
				CLANG_WARN_OBJC_ROOT_CLASS = YES_ERROR;
				CLANG_WARN_UNREACHABLE_CODE = YES;
				CLANG_WARN__DUPLICATE_METHOD_MATCH = YES;
				CODE_SIGN_IDENTITY = "-";
				COPY_PHASE_STRIP = YES;
				DEBUG_INFORMATION_FORMAT = "dwarf-with-dsym";
				ENABLE_NS_ASSERTIONS = NO;
				ENABLE_STRICT_OBJC_MSGSEND = YES;
				GCC_C_LANGUAGE_STANDARD = gnu99;
				GCC_WARN_64_TO_32_BIT_CONVERSION = YES;
				GCC_WARN_ABOUT_RETURN_TYPE = YES_ERROR;
				GCC_WARN_UNDECLARED_SELECTOR = YES;
				GCC_WARN_UNINITIALIZED_AUTOS = YES_AGGRESSIVE;
				GCC_WARN_UNUSED_FUNCTION = YES;
				GCC_WARN_UNUSED_VARIABLE = YES;
				MACOSX_DEPLOYMENT_TARGET = 10.9;
				MTL_ENABLE_DEBUG_INFO = NO;
				SDKROOT = macosx10.10;
			};
			name = Release;
		};
		2A14E9451A0B23E20029D128 /* Debug */ = {
			isa = XCBuildConfiguration;
			buildSettings = {
				ARCHS = "$(ARCHS_STANDARD)";
				ASSETCATALOG_COMPILER_APPICON_NAME = AppIcon;
				CLANG_ENABLE_OBJC_ARC = YES;
				COMBINE_HIDPI_IMAGES = YES;
				INFOPLIST_FILE = FScripts/Info.plist;
				LD_RUNPATH_SEARCH_PATHS = "$(inherited) @executable_path/../Frameworks";
				PRODUCT_NAME = "$(TARGET_NAME)";
				SDKROOT = macosx10.10;
			};
			name = Debug;
		};
		2A14E9461A0B23E20029D128 /* Release */ = {
			isa = XCBuildConfiguration;
			buildSettings = {
				ARCHS = "$(ARCHS_STANDARD)";
				ASSETCATALOG_COMPILER_APPICON_NAME = AppIcon;
				CLANG_ENABLE_OBJC_ARC = YES;
				COMBINE_HIDPI_IMAGES = YES;
				INFOPLIST_FILE = FScripts/Info.plist;
				LD_RUNPATH_SEARCH_PATHS = "$(inherited) @executable_path/../Frameworks";
				PRODUCT_NAME = "$(TARGET_NAME)";
				SDKROOT = macosx10.10;
			};
			name = Release;
		};
		2A14E9481A0B23E20029D128 /* Debug */ = {
			isa = XCBuildConfiguration;
			buildSettings = {
				BUNDLE_LOADER = "$(TEST_HOST)";
				COMBINE_HIDPI_IMAGES = YES;
				FRAMEWORK_SEARCH_PATHS = (
					"$(DEVELOPER_FRAMEWORKS_DIR)",
					"$(inherited)",
				);
				GCC_PREPROCESSOR_DEFINITIONS = (
					"DEBUG=1",
					"$(inherited)",
				);
				INFOPLIST_FILE = FScriptsTests/Info.plist;
				LD_RUNPATH_SEARCH_PATHS = "$(inherited) @executable_path/../Frameworks @loader_path/../Frameworks";
				PRODUCT_NAME = "$(TARGET_NAME)";
				TEST_HOST = "$(BUILT_PRODUCTS_DIR)/FScripts.app/Contents/MacOS/FScripts";
			};
			name = Debug;
		};
		2A14E9491A0B23E20029D128 /* Release */ = {
			isa = XCBuildConfiguration;
			buildSettings = {
				BUNDLE_LOADER = "$(TEST_HOST)";
				COMBINE_HIDPI_IMAGES = YES;
				FRAMEWORK_SEARCH_PATHS = (
					"$(DEVELOPER_FRAMEWORKS_DIR)",
					"$(inherited)",
				);
				INFOPLIST_FILE = FScriptsTests/Info.plist;
				LD_RUNPATH_SEARCH_PATHS = "$(inherited) @executable_path/../Frameworks @loader_path/../Frameworks";
				PRODUCT_NAME = "$(TARGET_NAME)";
				TEST_HOST = "$(BUILT_PRODUCTS_DIR)/FScripts.app/Contents/MacOS/FScripts";
			};
			name = Release;
		};
/* End XCBuildConfiguration section */

/* Begin XCConfigurationList section */
		2A14E9221A0B23E20029D128 /* Build configuration list for PBXProject "FScripts" */ = {
			isa = XCConfigurationList;
			buildConfigurations = (
				2A14E9421A0B23E20029D128 /* Debug */,
				2A14E9431A0B23E20029D128 /* Release */,
			);
			defaultConfigurationIsVisible = 0;
			defaultConfigurationName = Release;
		};
		2A14E9441A0B23E20029D128 /* Build configuration list for PBXNativeTarget "FScripts" */ = {
			isa = XCConfigurationList;
			buildConfigurations = (
				2A14E9451A0B23E20029D128 /* Debug */,
				2A14E9461A0B23E20029D128 /* Release */,
			);
			defaultConfigurationIsVisible = 0;
			defaultConfigurationName = Release;
		};
		2A14E9471A0B23E20029D128 /* Build configuration list for PBXNativeTarget "FScriptsTests" */ = {
			isa = XCConfigurationList;
			buildConfigurations = (
				2A14E9481A0B23E20029D128 /* Debug */,
				2A14E9491A0B23E20029D128 /* Release */,
			);
			defaultConfigurationIsVisible = 0;
			defaultConfigurationName = Release;
		};
/* End XCConfigurationList section */
	};
	rootObject = 2A14E91F1A0B23E20029D128 /* Project object */;
}
